
Microsoft Visual Studio Solution File, Format Version 12.00
# Visual Studio 2012
Project("{FAE04EC0-301F-11D3-BF4B-00C04F79EFBC}") = "AutoSky", "AutoSky\AutoSky.csproj", "{CDDBA105-0935-4EB6-BA64-87C017D0CCDE}"
EndProject
Global
	GlobalSection(SolutionConfigurationPlatforms) = preSolution
		Debug|Any CPU = Debug|Any CPU
		Release|Any CPU = Release|Any CPU
	EndGlobalSection
	GlobalSection(ProjectConfigurationPlatforms) = postSolution
		{CDDBA105-0935-4EB6-BA64-87C017D0CCDE}.Debug|Any CPU.ActiveCfg = Debug|Any CPU
		{CDDBA105-0935-4EB6-BA64-87C017D0CCDE}.Debug|Any CPU.Build.0 = Debug|Any CPU
		{CDDBA105-0935-4EB6-BA64-87C017D0CCDE}.Release|Any CPU.ActiveCfg = Release|Any CPU
		{CDDBA105-0935-4EB6-BA64-87C017D0CCDE}.Release|Any CPU.Build.0 = Release|Any CPU
	EndGlobalSection
	GlobalSection(SolutionProperties) = preSolution
		HideSolutionNode = FALSE
	EndGlobalSection
EndGlobal
